{
  "name": "MultiLineChart",
  "lockfileVersion": 2,
  "requires": true,
  "packages": {
    "": {
      "dependencies": {
        "numpy": "^0.0.1",
        "pandas": "^0.0.3",
        "wheel": "^1.0.0"
      }
    },
    "node_modules/numpy": {
      "version": "0.0.1",
      "resolved": "https://registry.npmjs.org/numpy/-/numpy-0.0.1.tgz",
      "integrity": "sha1-xrvUxJtFvVN/dooJySIKKQ3kFZg="
    },
    "node_modules/pandas": {
      "version": "0.0.3",
      "resolved": "https://registry.npmjs.org/pandas/-/pandas-0.0.3.tgz",
      "integrity": "sha1-KhGwIHTw/8wHKccyNVcuWtuw8fc="
    },
    "node_modules/wheel": {
      "version": "1.0.0",
      "resolved": "https://registry.npmjs.org/wheel/-/wheel-1.0.0.tgz",
      "integrity": "sha512-XiCMHibOiqalCQ+BaNSwRoZ9FDTAvOsXxGHXChBugewDj7HC8VBIER71dEOiRH1fSdLbRCQzngKTSiZ06ZQzeA=="
    }
  },
  "dependencies": {
    "numpy": {
      "version": "0.0.1",
      "resolved": "https://registry.npmjs.org/numpy/-/numpy-0.0.1.tgz",
      "integrity": "sha1-xrvUxJtFvVN/dooJySIKKQ3kFZg="
    },
    "pandas": {
      "version": "0.0.3",
      "resolved": "https://registry.npmjs.org/pandas/-/pandas-0.0.3.tgz",
      "integrity": "sha1-KhGwIHTw/8wHKccyNVcuWtuw8fc="
    },
    "wheel": {
      "version": "1.0.0",
      "resolved": "https://registry.npmjs.org/wheel/-/wheel-1.0.0.tgz",
      "integrity": "sha512-XiCMHibOiqalCQ+BaNSwRoZ9FDTAvOsXxGHXChBugewDj7HC8VBIER71dEOiRH1fSdLbRCQzngKTSiZ06ZQzeA=="
    }
  }
}
